
Microsoft Visual Studio Solution File, Format Version 12.00
# Visual Studio Version 17
VisualStudioVersion = 17.14.36203.30 d17.14
MinimumVisualStudioVersion = 10.0.40219.1
Project("{FAE04EC0-301F-11D3-BF4B-00C04F79EFBC}") = "ChatApp1", "ChatApp1\ChatApp1.csproj", "{03070984-1F1A-B84F-A7D5-04506B78F965}"
EndProject
Global
	GlobalSection(SolutionConfigurationPlatforms) = preSolution
		Debug|Any CPU = Debug|Any CPU
		Release|Any CPU = Release|Any CPU
	EndGlobalSection
	GlobalSection(ProjectConfigurationPlatforms) = postSolution
		{03070984-1F1A-B84F-A7D5-04506B78F965}.Debug|Any CPU.ActiveCfg = Debug|Any CPU
		{03070984-1F1A-B84F-A7D5-04506B78F965}.Debug|Any CPU.Build.0 = Debug|Any CPU
		{03070984-1F1A-B84F-A7D5-04506B78F965}.Release|Any CPU.ActiveCfg = Release|Any CPU
		{03070984-1F1A-B84F-A7D5-04506B78F965}.Release|Any CPU.Build.0 = Release|Any CPU
	EndGlobalSection
	GlobalSection(SolutionProperties) = preSolution
		HideSolutionNode = FALSE
	EndGlobalSection
	GlobalSection(ExtensibilityGlobals) = postSolution
		SolutionGuid = {C2D61D04-E353-4593-9EC7-BE36256CED91}
	EndGlobalSection
EndGlobal
